
Microsoft Visual Studio Solution File, Format Version 12.00
# Visual Studio Version 17
VisualStudioVersion = 17.7.34031.279
MinimumVisualStudioVersion = 10.0.40219.1
Project("{FAE04EC0-301F-11D3-BF4B-00C04F79EFBC}") = "ProfesoresPruebaAPI", "ProfesoresPruebaAPI\ProfesoresPruebaAPI.csproj", "{4BEC41A5-EFEA-4475-882E-FC5ABF20D00C}"
EndProject
Global
	GlobalSection(SolutionConfigurationPlatforms) = preSolution
		Debug|Any CPU = Debug|Any CPU
		Release|Any CPU = Release|Any CPU
	EndGlobalSection
	GlobalSection(ProjectConfigurationPlatforms) = postSolution
		{4BEC41A5-EFEA-4475-882E-FC5ABF20D00C}.Debug|Any CPU.ActiveCfg = Debug|Any CPU
		{4BEC41A5-EFEA-4475-882E-FC5ABF20D00C}.Debug|Any CPU.Build.0 = Debug|Any CPU
		{4BEC41A5-EFEA-4475-882E-FC5ABF20D00C}.Release|Any CPU.ActiveCfg = Release|Any CPU
		{4BEC41A5-EFEA-4475-882E-FC5ABF20D00C}.Release|Any CPU.Build.0 = Release|Any CPU
	EndGlobalSection
	GlobalSection(SolutionProperties) = preSolution
		HideSolutionNode = FALSE
	EndGlobalSection
	GlobalSection(ExtensibilityGlobals) = postSolution
		SolutionGuid = {45172E25-AB7B-44B3-BA04-79D5B4FE9D21}
	EndGlobalSection
EndGlobal
