
Microsoft Visual Studio Solution File, Format Version 12.00
# Visual Studio Version 17
VisualStudioVersion = 17.7.34031.279
MinimumVisualStudioVersion = 10.0.40219.1
Project("{9A19103F-16F7-4668-BE54-9A1E7A4F7556}") = "PracticaFutbol", "PracticaFutbol\PracticaFutbol.csproj", "{F8ACC478-9322-4D3C-94B3-CB91FC67913E}"
EndProject
Project("{9A19103F-16F7-4668-BE54-9A1E7A4F7556}") = "PracticaFutbol.Modelos", "PracticaFutbol.Modelos\PracticaFutbol.Modelos.csproj", "{CA031829-7A4A-47A5-A594-4B13165BB75A}"
EndProject
Project("{9A19103F-16F7-4668-BE54-9A1E7A4F7556}") = "PracticaFutbol.Services", "PracticaFutbol.Services\PracticaFutbol.Services.csproj", "{EB345C3A-E59F-48B4-B23E-2DBB81FE3018}"
EndProject
Global
	GlobalSection(SolutionConfigurationPlatforms) = preSolution
		Debug|Any CPU = Debug|Any CPU
		Release|Any CPU = Release|Any CPU
	EndGlobalSection
	GlobalSection(ProjectConfigurationPlatforms) = postSolution
		{F8ACC478-9322-4D3C-94B3-CB91FC67913E}.Debug|Any CPU.ActiveCfg = Debug|Any CPU
		{F8ACC478-9322-4D3C-94B3-CB91FC67913E}.Debug|Any CPU.Build.0 = Debug|Any CPU
		{F8ACC478-9322-4D3C-94B3-CB91FC67913E}.Release|Any CPU.ActiveCfg = Release|Any CPU
		{F8ACC478-9322-4D3C-94B3-CB91FC67913E}.Release|Any CPU.Build.0 = Release|Any CPU
		{CA031829-7A4A-47A5-A594-4B13165BB75A}.Debug|Any CPU.ActiveCfg = Debug|Any CPU
		{CA031829-7A4A-47A5-A594-4B13165BB75A}.Debug|Any CPU.Build.0 = Debug|Any CPU
		{CA031829-7A4A-47A5-A594-4B13165BB75A}.Release|Any CPU.ActiveCfg = Release|Any CPU
		{CA031829-7A4A-47A5-A594-4B13165BB75A}.Release|Any CPU.Build.0 = Release|Any CPU
		{EB345C3A-E59F-48B4-B23E-2DBB81FE3018}.Debug|Any CPU.ActiveCfg = Debug|Any CPU
		{EB345C3A-E59F-48B4-B23E-2DBB81FE3018}.Debug|Any CPU.Build.0 = Debug|Any CPU
		{EB345C3A-E59F-48B4-B23E-2DBB81FE3018}.Release|Any CPU.ActiveCfg = Release|Any CPU
		{EB345C3A-E59F-48B4-B23E-2DBB81FE3018}.Release|Any CPU.Build.0 = Release|Any CPU
	EndGlobalSection
	GlobalSection(SolutionProperties) = preSolution
		HideSolutionNode = FALSE
	EndGlobalSection
	GlobalSection(ExtensibilityGlobals) = postSolution
		SolutionGuid = {374F7E1E-5084-44B5-8005-B4FA8EB2A833}
	EndGlobalSection
EndGlobal
